// !$*UTF8*$!
{
	archiveVersion = 1;
	classes = {
	};
	objectVersion = 46;
	objects = {

/* Begin PBXBuildFile section */
		441301A31EAAE05200E51764 /* AdditionQuestion2.m in Sources */ = {isa = PBXBuildFile; fileRef = 4413019D1EAAE05200E51764 /* AdditionQuestion2.m */; };
		441301A41EAAE05200E51764 /* InputHandler2.m in Sources */ = {isa = PBXBuildFile; fileRef = 4413019F1EAAE05200E51764 /* InputHandler2.m */; };
		441301A51EAAE05200E51764 /* ScoreKeeper2.m in Sources */ = {isa = PBXBuildFile; fileRef = 441301A21EAAE05200E51764 /* ScoreKeeper2.m */; };
		4416A6671EAAB2A5003608ED /* Contact.m in Sources */ = {isa = PBXBuildFile; fileRef = 4416A6661EAAB2A5003608ED /* Contact.m */; };
		4416A66A1EAAB2AD003608ED /* ContactList.m in Sources */ = {isa = PBXBuildFile; fileRef = 4416A6691EAAB2AD003608ED /* ContactList.m */; };
		4416A66D1EAAB2D5003608ED /* InputCollector.m in Sources */ = {isa = PBXBuildFile; fileRef = 4416A66C1EAAB2D5003608ED /* InputCollector.m */; };
		442D4E2C1EAD519A002B4D10 /* Doctor.m in Sources */ = {isa = PBXBuildFile; fileRef = 442D4E2B1EAD519A002B4D10 /* Doctor.m */; };
		442D4E2F1EAD51A2002B4D10 /* Patient.m in Sources */ = {isa = PBXBuildFile; fileRef = 442D4E2E1EAD51A2002B4D10 /* Patient.m */; };
		442D4E321EAD51AB002B4D10 /* Prescription.m in Sources */ = {isa = PBXBuildFile; fileRef = 442D4E311EAD51AB002B4D10 /* Prescription.m */; };
		442D4E351EAD51BC002B4D10 /* PrescriptionDatabase.m in Sources */ = {isa = PBXBuildFile; fileRef = 442D4E341EAD51BC002B4D10 /* PrescriptionDatabase.m */; };
		442D4E391EAD78FF002B4D10 /* Kitchen.m in Sources */ = {isa = PBXBuildFile; fileRef = 442D4E381EAD78FF002B4D10 /* Kitchen.m */; };
		442D4E401EAD7D07002B4D10 /* Pizza.m in Sources */ = {isa = PBXBuildFile; fileRef = 442D4E3F1EAD7D07002B4D10 /* Pizza.m */; };
		442D4E431EAD7FA7002B4D10 /* PizzaSize.m in Sources */ = {isa = PBXBuildFile; fileRef = 442D4E421EAD7FA7002B4D10 /* PizzaSize.m */; };
		442D4E4B1EADC3ED002B4D10 /* FoodTruck.m in Sources */ = {isa = PBXBuildFile; fileRef = 442D4E4A1EADC3ED002B4D10 /* FoodTruck.m */; };
		442D4E4F1EADC444002B4D10 /* Cook.m in Sources */ = {isa = PBXBuildFile; fileRef = 442D4E4E1EADC444002B4D10 /* Cook.m */; };
		442D4E561EADCBBB002B4D10 /* NSString+NSString.m in Sources */ = {isa = PBXBuildFile; fileRef = 442D4E551EADCBBB002B4D10 /* NSString+NSString.m */; };
		442D4E5B1EADE834002B4D10 /* AnchoviesHateKitchen.m in Sources */ = {isa = PBXBuildFile; fileRef = 442D4E5A1EADE834002B4D10 /* AnchoviesHateKitchen.m */; };
		442D4E5E1EADE8D6002B4D10 /* VeryGenerousKitchen.m in Sources */ = {isa = PBXBuildFile; fileRef = 442D4E5D1EADE8D6002B4D10 /* VeryGenerousKitchen.m */; };
		442D4E611EADF14D002B4D10 /* DeliveryService.m in Sources */ = {isa = PBXBuildFile; fileRef = 442D4E601EADF14D002B4D10 /* DeliveryService.m */; };
		442D4E641EADF169002B4D10 /* DeliveryCar.m in Sources */ = {isa = PBXBuildFile; fileRef = 442D4E631EADF169002B4D10 /* DeliveryCar.m */; };
		4494CB7A1EA6ACE300E40288 /* main.m in Sources */ = {isa = PBXBuildFile; fileRef = 4494CB791EA6ACE300E40288 /* main.m */; };
		4494CB811EA6B76D00E40288 /* _0418.m in Sources */ = {isa = PBXBuildFile; fileRef = 4494CB801EA6B76D00E40288 /* _0418.m */; };
		44A246611EAE66AD00DFFB5D /* Player.m in Sources */ = {isa = PBXBuildFile; fileRef = 44A246601EAE66AD00DFFB5D /* Player.m */; };
		44A246681EAE7AE100DFFB5D /* PlayerManager.m in Sources */ = {isa = PBXBuildFile; fileRef = 44A246671EAE7AE100DFFB5D /* PlayerManager.m */; };
		44A246701EAF29BE00DFFB5D /* PaymentGateway.m in Sources */ = {isa = PBXBuildFile; fileRef = 44A2466F1EAF29BE00DFFB5D /* PaymentGateway.m */; };
		44A246731EAF2B4D00DFFB5D /* PaypalPaymentService.m in Sources */ = {isa = PBXBuildFile; fileRef = 44A246721EAF2B4D00DFFB5D /* PaypalPaymentService.m */; };
		44A246761EAF2B5E00DFFB5D /* StripePaymentService.m in Sources */ = {isa = PBXBuildFile; fileRef = 44A246751EAF2B5E00DFFB5D /* StripePaymentService.m */; };
		44A246791EAF2B6800DFFB5D /* AmazonPaymentService.m in Sources */ = {isa = PBXBuildFile; fileRef = 44A246781EAF2B6800DFFB5D /* AmazonPaymentService.m */; };
		44A2467C1EAF2FDC00DFFB5D /* Ex10Helper.m in Sources */ = {isa = PBXBuildFile; fileRef = 44A2467B1EAF2FDC00DFFB5D /* Ex10Helper.m */; };
		44A2467F1EAF37BB00DFFB5D /* ApplePaymentService.m in Sources */ = {isa = PBXBuildFile; fileRef = 44A2467E1EAF37BB00DFFB5D /* ApplePaymentService.m */; };
		44A246841EAFDC7400DFFB5D /* BaseExercise.m in Sources */ = {isa = PBXBuildFile; fileRef = 44A246831EAFDC7400DFFB5D /* BaseExercise.m */; };
		44A246871EAFE71300DFFB5D /* Main_Ex2.m in Sources */ = {isa = PBXBuildFile; fileRef = 44A246861EAFE71300DFFB5D /* Main_Ex2.m */; };
		44A2468A1EAFEDD800DFFB5D /* Main_Ex1.m in Sources */ = {isa = PBXBuildFile; fileRef = 44A246891EAFEDD800DFFB5D /* Main_Ex1.m */; };
		44A2468D1EAFF10E00DFFB5D /* Main_Ex3.m in Sources */ = {isa = PBXBuildFile; fileRef = 44A2468C1EAFF10E00DFFB5D /* Main_Ex3.m */; };
		44A246901EAFF44B00DFFB5D /* Main_Ex4.m in Sources */ = {isa = PBXBuildFile; fileRef = 44A2468F1EAFF44B00DFFB5D /* Main_Ex4.m */; };
		44A246931EAFF4F700DFFB5D /* Main_Ex5.m in Sources */ = {isa = PBXBuildFile; fileRef = 44A246921EAFF4F700DFFB5D /* Main_Ex5.m */; };
		44A246961EAFF56500DFFB5D /* Main_Ex6.m in Sources */ = {isa = PBXBuildFile; fileRef = 44A246951EAFF56500DFFB5D /* Main_Ex6.m */; };
		44A246991EAFF63000DFFB5D /* Main_Ex7.m in Sources */ = {isa = PBXBuildFile; fileRef = 44A246981EAFF63000DFFB5D /* Main_Ex7.m */; };
		44A2469C1EAFF91600DFFB5D /* Main_Ex8.m in Sources */ = {isa = PBXBuildFile; fileRef = 44A2469B1EAFF91600DFFB5D /* Main_Ex8.m */; };
		44A2469F1EAFF92700DFFB5D /* Main_Ex10.m in Sources */ = {isa = PBXBuildFile; fileRef = 44A2469E1EAFF92700DFFB5D /* Main_Ex10.m */; };
		44A246A21EAFF93D00DFFB5D /* Main_Ex11.m in Sources */ = {isa = PBXBuildFile; fileRef = 44A246A11EAFF93D00DFFB5D /* Main_Ex11.m */; };
		44A246A51EAFF94500DFFB5D /* Main_Ex12.m in Sources */ = {isa = PBXBuildFile; fileRef = 44A246A41EAFF94500DFFB5D /* Main_Ex12.m */; };
		44A246A81EAFFCDD00DFFB5D /* Main_Ex9.m in Sources */ = {isa = PBXBuildFile; fileRef = 44A246A71EAFFCDD00DFFB5D /* Main_Ex9.m */; };
		44A246AB1EAFFEEF00DFFB5D /* Main_Ex13.m in Sources */ = {isa = PBXBuildFile; fileRef = 44A246AA1EAFFEEF00DFFB5D /* Main_Ex13.m */; };
		44A246AE1EAFFF5600DFFB5D /* Main_Ex14.m in Sources */ = {isa = PBXBuildFile; fileRef = 44A246AD1EAFFF5600DFFB5D /* Main_Ex14.m */; };
		44A246B11EB000CA00DFFB5D /* Main_Ex15.m in Sources */ = {isa = PBXBuildFile; fileRef = 44A246B01EB000CA00DFFB5D /* Main_Ex15.m */; };
		44E950971EAC17E8002F7AAA /* QuestionManager.m in Sources */ = {isa = PBXBuildFile; fileRef = 44E950961EAC17E8002F7AAA /* QuestionManager.m */; };
		44E9509D1EAC3069002F7AAA /* Dice.m in Sources */ = {isa = PBXBuildFile; fileRef = 44E9509C1EAC3069002F7AAA /* Dice.m */; };
		44E950A01EAC3089002F7AAA /* GameController.m in Sources */ = {isa = PBXBuildFile; fileRef = 44E9509F1EAC3089002F7AAA /* GameController.m */; };
		44F3DCAC1EA7FC7700903A08 /* Person.m in Sources */ = {isa = PBXBuildFile; fileRef = 44F3DCAB1EA7FC7700903A08 /* Person.m */; };
		44F3DCAF1EA8000F00903A08 /* _0419.m in Sources */ = {isa = PBXBuildFile; fileRef = 44F3DCAE1EA8000F00903A08 /* _0419.m */; };
		44F3DCB51EA80CA500903A08 /* Box.m in Sources */ = {isa = PBXBuildFile; fileRef = 44F3DCB41EA80CA500903A08 /* Box.m */; };
		44F3DCBE1EA96DD400903A08 /* AdditionQuestion.m in Sources */ = {isa = PBXBuildFile; fileRef = 44F3DCBD1EA96DD400903A08 /* AdditionQuestion.m */; };
		44F3DCC11EA9764200903A08 /* InputHandler.m in Sources */ = {isa = PBXBuildFile; fileRef = 44F3DCC01EA9764200903A08 /* InputHandler.m */; };
		44F3DCC41EA9781200903A08 /* ScoreKeeper.m in Sources */ = {isa = PBXBuildFile; fileRef = 44F3DCC31EA9781200903A08 /* ScoreKeeper.m */; };
/* End PBXBuildFile section */

/* Begin PBXCopyFilesBuildPhase section */
		4494CB741EA6ACE300E40288 /* CopyFiles */ = {
			isa = PBXCopyFilesBuildPhase;
			buildActionMask = 2147483647;
			dstPath = /usr/share/man/man1/;
			dstSubfolderSpec = 0;
			files = (
			);
			runOnlyForDeploymentPostprocessing = 1;
		};
/* End PBXCopyFilesBuildPhase section */

/* Begin PBXFileReference section */
		4413019D1EAAE05200E51764 /* AdditionQuestion2.m */ = {isa = PBXFileReference; fileEncoding = 4; lastKnownFileType = sourcecode.c.objc; path = AdditionQuestion2.m; sourceTree = "<group>"; };
		4413019E1EAAE05200E51764 /* InputHandler2.h */ = {isa = PBXFileReference; fileEncoding = 4; lastKnownFileType = sourcecode.c.h; path = InputHandler2.h; sourceTree = "<group>"; };
		4413019F1EAAE05200E51764 /* InputHandler2.m */ = {isa = PBXFileReference; fileEncoding = 4; lastKnownFileType = sourcecode.c.objc; path = InputHandler2.m; sourceTree = "<group>"; };
		441301A01EAAE05200E51764 /* AdditionQuestion2.h */ = {isa = PBXFileReference; fileEncoding = 4; lastKnownFileType = sourcecode.c.h; path = AdditionQuestion2.h; sourceTree = "<group>"; };
		441301A11EAAE05200E51764 /* ScoreKeeper2.h */ = {isa = PBXFileReference; fileEncoding = 4; lastKnownFileType = sourcecode.c.h; path = ScoreKeeper2.h; sourceTree = "<group>"; };
		441301A21EAAE05200E51764 /* ScoreKeeper2.m */ = {isa = PBXFileReference; fileEncoding = 4; lastKnownFileType = sourcecode.c.objc; path = ScoreKeeper2.m; sourceTree = "<group>"; };
		4416A6651EAAB2A5003608ED /* Contact.h */ = {isa = PBXFileReference; fileEncoding = 4; lastKnownFileType = sourcecode.c.h; path = Contact.h; sourceTree = "<group>"; };
		4416A6661EAAB2A5003608ED /* Contact.m */ = {isa = PBXFileReference; fileEncoding = 4; lastKnownFileType = sourcecode.c.objc; path = Contact.m; sourceTree = "<group>"; };
		4416A6681EAAB2AD003608ED /* ContactList.h */ = {isa = PBXFileReference; fileEncoding = 4; lastKnownFileType = sourcecode.c.h; path = ContactList.h; sourceTree = "<group>"; };
		4416A6691EAAB2AD003608ED /* ContactList.m */ = {isa = PBXFileReference; fileEncoding = 4; lastKnownFileType = sourcecode.c.objc; path = ContactList.m; sourceTree = "<group>"; };
		4416A66B1EAAB2D5003608ED /* InputCollector.h */ = {isa = PBXFileReference; fileEncoding = 4; lastKnownFileType = sourcecode.c.h; path = InputCollector.h; sourceTree = "<group>"; };
		4416A66C1EAAB2D5003608ED /* InputCollector.m */ = {isa = PBXFileReference; fileEncoding = 4; lastKnownFileType = sourcecode.c.objc; path = InputCollector.m; sourceTree = "<group>"; };
		442D4E2A1EAD519A002B4D10 /* Doctor.h */ = {isa = PBXFileReference; fileEncoding = 4; lastKnownFileType = sourcecode.c.h; path = Doctor.h; sourceTree = "<group>"; };
		442D4E2B1EAD519A002B4D10 /* Doctor.m */ = {isa = PBXFileReference; fileEncoding = 4; lastKnownFileType = sourcecode.c.objc; path = Doctor.m; sourceTree = "<group>"; };
		442D4E2D1EAD51A2002B4D10 /* Patient.h */ = {isa = PBXFileReference; fileEncoding = 4; lastKnownFileType = sourcecode.c.h; path = Patient.h; sourceTree = "<group>"; };
		442D4E2E1EAD51A2002B4D10 /* Patient.m */ = {isa = PBXFileReference; fileEncoding = 4; lastKnownFileType = sourcecode.c.objc; path = Patient.m; sourceTree = "<group>"; };
		442D4E301EAD51AB002B4D10 /* Prescription.h */ = {isa = PBXFileReference; fileEncoding = 4; lastKnownFileType = sourcecode.c.h; path = Prescription.h; sourceTree = "<group>"; };
		442D4E311EAD51AB002B4D10 /* Prescription.m */ = {isa = PBXFileReference; fileEncoding = 4; lastKnownFileType = sourcecode.c.objc; path = Prescription.m; sourceTree = "<group>"; };
		442D4E331EAD51BC002B4D10 /* PrescriptionDatabase.h */ = {isa = PBXFileReference; fileEncoding = 4; lastKnownFileType = sourcecode.c.h; path = PrescriptionDatabase.h; sourceTree = "<group>"; };
		442D4E341EAD51BC002B4D10 /* PrescriptionDatabase.m */ = {isa = PBXFileReference; fileEncoding = 4; lastKnownFileType = sourcecode.c.objc; path = PrescriptionDatabase.m; sourceTree = "<group>"; };
		442D4E371EAD78FF002B4D10 /* Kitchen.h */ = {isa = PBXFileReference; fileEncoding = 4; lastKnownFileType = sourcecode.c.h; path = Kitchen.h; sourceTree = "<group>"; };
		442D4E381EAD78FF002B4D10 /* Kitchen.m */ = {isa = PBXFileReference; fileEncoding = 4; lastKnownFileType = sourcecode.c.objc; path = Kitchen.m; sourceTree = "<group>"; };
		442D4E3E1EAD7D07002B4D10 /* Pizza.h */ = {isa = PBXFileReference; fileEncoding = 4; lastKnownFileType = sourcecode.c.h; path = Pizza.h; sourceTree = "<group>"; };
		442D4E3F1EAD7D07002B4D10 /* Pizza.m */ = {isa = PBXFileReference; fileEncoding = 4; lastKnownFileType = sourcecode.c.objc; path = Pizza.m; sourceTree = "<group>"; };
		442D4E411EAD7FA7002B4D10 /* PizzaSize.h */ = {isa = PBXFileReference; fileEncoding = 4; lastKnownFileType = sourcecode.c.h; path = PizzaSize.h; sourceTree = "<group>"; };
		442D4E421EAD7FA7002B4D10 /* PizzaSize.m */ = {isa = PBXFileReference; fileEncoding = 4; lastKnownFileType = sourcecode.c.objc; path = PizzaSize.m; sourceTree = "<group>"; };
		442D4E441EADB471002B4D10 /* NSArray+EnumExtensions.h */ = {isa = PBXFileReference; fileEncoding = 4; lastKnownFileType = sourcecode.c.h; path = "NSArray+EnumExtensions.h"; sourceTree = "<group>"; };
		442D4E451EADB4C3002B4D10 /* NSArray+EnumExtensions.m */ = {isa = PBXFileReference; fileEncoding = 4; lastKnownFileType = sourcecode.c.objc; path = "NSArray+EnumExtensions.m"; sourceTree = "<group>"; };
		442D4E491EADC3ED002B4D10 /* FoodTruck.h */ = {isa = PBXFileReference; fileEncoding = 4; lastKnownFileType = sourcecode.c.h; path = FoodTruck.h; sourceTree = "<group>"; };
		442D4E4A1EADC3ED002B4D10 /* FoodTruck.m */ = {isa = PBXFileReference; fileEncoding = 4; lastKnownFileType = sourcecode.c.objc; path = FoodTruck.m; sourceTree = "<group>"; };
		442D4E4D1EADC444002B4D10 /* Cook.h */ = {isa = PBXFileReference; fileEncoding = 4; lastKnownFileType = sourcecode.c.h; path = Cook.h; sourceTree = "<group>"; };
		442D4E4E1EADC444002B4D10 /* Cook.m */ = {isa = PBXFileReference; fileEncoding = 4; lastKnownFileType = sourcecode.c.objc; path = Cook.m; sourceTree = "<group>"; };
		442D4E541EADCBBB002B4D10 /* NSString+NSString.h */ = {isa = PBXFileReference; fileEncoding = 4; lastKnownFileType = sourcecode.c.h; path = "NSString+NSString.h"; sourceTree = "<group>"; };
		442D4E551EADCBBB002B4D10 /* NSString+NSString.m */ = {isa = PBXFileReference; fileEncoding = 4; lastKnownFileType = sourcecode.c.objc; path = "NSString+NSString.m"; sourceTree = "<group>"; };
		442D4E591EADE834002B4D10 /* AnchoviesHateKitchen.h */ = {isa = PBXFileReference; fileEncoding = 4; lastKnownFileType = sourcecode.c.h; path = AnchoviesHateKitchen.h; sourceTree = "<group>"; };
		442D4E5A1EADE834002B4D10 /* AnchoviesHateKitchen.m */ = {isa = PBXFileReference; fileEncoding = 4; lastKnownFileType = sourcecode.c.objc; path = AnchoviesHateKitchen.m; sourceTree = "<group>"; };
		442D4E5C1EADE8D6002B4D10 /* VeryGenerousKitchen.h */ = {isa = PBXFileReference; fileEncoding = 4; lastKnownFileType = sourcecode.c.h; path = VeryGenerousKitchen.h; sourceTree = "<group>"; };
		442D4E5D1EADE8D6002B4D10 /* VeryGenerousKitchen.m */ = {isa = PBXFileReference; fileEncoding = 4; lastKnownFileType = sourcecode.c.objc; path = VeryGenerousKitchen.m; sourceTree = "<group>"; };
		442D4E5F1EADF14D002B4D10 /* DeliveryService.h */ = {isa = PBXFileReference; fileEncoding = 4; lastKnownFileType = sourcecode.c.h; path = DeliveryService.h; sourceTree = "<group>"; };
		442D4E601EADF14D002B4D10 /* DeliveryService.m */ = {isa = PBXFileReference; fileEncoding = 4; lastKnownFileType = sourcecode.c.objc; path = DeliveryService.m; sourceTree = "<group>"; };
		442D4E621EADF169002B4D10 /* DeliveryCar.h */ = {isa = PBXFileReference; fileEncoding = 4; lastKnownFileType = sourcecode.c.h; path = DeliveryCar.h; sourceTree = "<group>"; };
		442D4E631EADF169002B4D10 /* DeliveryCar.m */ = {isa = PBXFileReference; fileEncoding = 4; lastKnownFileType = sourcecode.c.objc; path = DeliveryCar.m; sourceTree = "<group>"; };
		4494CB761EA6ACE300E40288 /* MyFirstObjC */ = {isa = PBXFileReference; explicitFileType = "compiled.mach-o.executable"; includeInIndex = 0; path = MyFirstObjC; sourceTree = BUILT_PRODUCTS_DIR; };
		4494CB791EA6ACE300E40288 /* main.m */ = {isa = PBXFileReference; lastKnownFileType = sourcecode.c.objc; path = main.m; sourceTree = "<group>"; };
		4494CB801EA6B76D00E40288 /* _0418.m */ = {isa = PBXFileReference; fileEncoding = 4; lastKnownFileType = sourcecode.c.objc; path = _0418.m; sourceTree = "<group>"; };
		44A2465F1EAE66AD00DFFB5D /* Player.h */ = {isa = PBXFileReference; fileEncoding = 4; lastKnownFileType = sourcecode.c.h; path = Player.h; sourceTree = "<group>"; };
		44A246601EAE66AD00DFFB5D /* Player.m */ = {isa = PBXFileReference; fileEncoding = 4; lastKnownFileType = sourcecode.c.objc; path = Player.m; sourceTree = "<group>"; };
		44A246661EAE7AE100DFFB5D /* PlayerManager.h */ = {isa = PBXFileReference; fileEncoding = 4; lastKnownFileType = sourcecode.c.h; path = PlayerManager.h; sourceTree = "<group>"; };
		44A246671EAE7AE100DFFB5D /* PlayerManager.m */ = {isa = PBXFileReference; fileEncoding = 4; lastKnownFileType = sourcecode.c.objc; path = PlayerManager.m; sourceTree = "<group>"; };
		44A2466E1EAF29BE00DFFB5D /* PaymentGateway.h */ = {isa = PBXFileReference; fileEncoding = 4; lastKnownFileType = sourcecode.c.h; path = PaymentGateway.h; sourceTree = "<group>"; };
		44A2466F1EAF29BE00DFFB5D /* PaymentGateway.m */ = {isa = PBXFileReference; fileEncoding = 4; lastKnownFileType = sourcecode.c.objc; path = PaymentGateway.m; sourceTree = "<group>"; };
		44A246711EAF2B4D00DFFB5D /* PaypalPaymentService.h */ = {isa = PBXFileReference; fileEncoding = 4; lastKnownFileType = sourcecode.c.h; path = PaypalPaymentService.h; sourceTree = "<group>"; };
		44A246721EAF2B4D00DFFB5D /* PaypalPaymentService.m */ = {isa = PBXFileReference; fileEncoding = 4; lastKnownFileType = sourcecode.c.objc; path = PaypalPaymentService.m; sourceTree = "<group>"; };
		44A246741EAF2B5E00DFFB5D /* StripePaymentService.h */ = {isa = PBXFileReference; fileEncoding = 4; lastKnownFileType = sourcecode.c.h; path = StripePaymentService.h; sourceTree = "<group>"; };
		44A246751EAF2B5E00DFFB5D /* StripePaymentService.m */ = {isa = PBXFileReference; fileEncoding = 4; lastKnownFileType = sourcecode.c.objc; path = StripePaymentService.m; sourceTree = "<group>"; };
		44A246771EAF2B6800DFFB5D /* AmazonPaymentService.h */ = {isa = PBXFileReference; fileEncoding = 4; lastKnownFileType = sourcecode.c.h; path = AmazonPaymentService.h; sourceTree = "<group>"; };
		44A246781EAF2B6800DFFB5D /* AmazonPaymentService.m */ = {isa = PBXFileReference; fileEncoding = 4; lastKnownFileType = sourcecode.c.objc; path = AmazonPaymentService.m; sourceTree = "<group>"; };
		44A2467A1EAF2FDC00DFFB5D /* Ex10Helper.h */ = {isa = PBXFileReference; fileEncoding = 4; lastKnownFileType = sourcecode.c.h; path = Ex10Helper.h; sourceTree = "<group>"; };
		44A2467B1EAF2FDC00DFFB5D /* Ex10Helper.m */ = {isa = PBXFileReference; fileEncoding = 4; lastKnownFileType = sourcecode.c.objc; path = Ex10Helper.m; sourceTree = "<group>"; };
		44A2467D1EAF37BB00DFFB5D /* ApplePaymentService.h */ = {isa = PBXFileReference; fileEncoding = 4; lastKnownFileType = sourcecode.c.h; path = ApplePaymentService.h; sourceTree = "<group>"; };
		44A2467E1EAF37BB00DFFB5D /* ApplePaymentService.m */ = {isa = PBXFileReference; fileEncoding = 4; lastKnownFileType = sourcecode.c.objc; path = ApplePaymentService.m; sourceTree = "<group>"; };
		44A246821EAFDC7400DFFB5D /* BaseExercise.h */ = {isa = PBXFileReference; fileEncoding = 4; lastKnownFileType = sourcecode.c.h; path = BaseExercise.h; sourceTree = "<group>"; };
		44A246831EAFDC7400DFFB5D /* BaseExercise.m */ = {isa = PBXFileReference; fileEncoding = 4; lastKnownFileType = sourcecode.c.objc; path = BaseExercise.m; sourceTree = "<group>"; };
		44A246851EAFE71300DFFB5D /* Main_Ex2.h */ = {isa = PBXFileReference; fileEncoding = 4; lastKnownFileType = sourcecode.c.h; path = Main_Ex2.h; sourceTree = "<group>"; };
		44A246861EAFE71300DFFB5D /* Main_Ex2.m */ = {isa = PBXFileReference; fileEncoding = 4; lastKnownFileType = sourcecode.c.objc; path = Main_Ex2.m; sourceTree = "<group>"; };
		44A246881EAFEDD800DFFB5D /* Main_Ex1.h */ = {isa = PBXFileReference; fileEncoding = 4; lastKnownFileType = sourcecode.c.h; path = Main_Ex1.h; sourceTree = "<group>"; };
		44A246891EAFEDD800DFFB5D /* Main_Ex1.m */ = {isa = PBXFileReference; fileEncoding = 4; lastKnownFileType = sourcecode.c.objc; path = Main_Ex1.m; sourceTree = "<group>"; };
		44A2468B1EAFF10E00DFFB5D /* Main_Ex3.h */ = {isa = PBXFileReference; fileEncoding = 4; lastKnownFileType = sourcecode.c.h; path = Main_Ex3.h; sourceTree = "<group>"; };
		44A2468C1EAFF10E00DFFB5D /* Main_Ex3.m */ = {isa = PBXFileReference; fileEncoding = 4; lastKnownFileType = sourcecode.c.objc; path = Main_Ex3.m; sourceTree = "<group>"; };
		44A2468E1EAFF44B00DFFB5D /* Main_Ex4.h */ = {isa = PBXFileReference; fileEncoding = 4; lastKnownFileType = sourcecode.c.h; path = Main_Ex4.h; sourceTree = "<group>"; };
		44A2468F1EAFF44B00DFFB5D /* Main_Ex4.m */ = {isa = PBXFileReference; fileEncoding = 4; lastKnownFileType = sourcecode.c.objc; path = Main_Ex4.m; sourceTree = "<group>"; };
		44A246911EAFF4F700DFFB5D /* Main_Ex5.h */ = {isa = PBXFileReference; fileEncoding = 4; lastKnownFileType = sourcecode.c.h; path = Main_Ex5.h; sourceTree = "<group>"; };
		44A246921EAFF4F700DFFB5D /* Main_Ex5.m */ = {isa = PBXFileReference; fileEncoding = 4; lastKnownFileType = sourcecode.c.objc; path = Main_Ex5.m; sourceTree = "<group>"; };
		44A246941EAFF56500DFFB5D /* Main_Ex6.h */ = {isa = PBXFileReference; fileEncoding = 4; lastKnownFileType = sourcecode.c.h; path = Main_Ex6.h; sourceTree = "<group>"; };
		44A246951EAFF56500DFFB5D /* Main_Ex6.m */ = {isa = PBXFileReference; fileEncoding = 4; lastKnownFileType = sourcecode.c.objc; path = Main_Ex6.m; sourceTree = "<group>"; };
		44A246971EAFF63000DFFB5D /* Main_Ex7.h */ = {isa = PBXFileReference; fileEncoding = 4; lastKnownFileType = sourcecode.c.h; path = Main_Ex7.h; sourceTree = "<group>"; };
		44A246981EAFF63000DFFB5D /* Main_Ex7.m */ = {isa = PBXFileReference; fileEncoding = 4; lastKnownFileType = sourcecode.c.objc; path = Main_Ex7.m; sourceTree = "<group>"; };
		44A2469A1EAFF91600DFFB5D /* Main_Ex8.h */ = {isa = PBXFileReference; fileEncoding = 4; lastKnownFileType = sourcecode.c.h; path = Main_Ex8.h; sourceTree = "<group>"; };
		44A2469B1EAFF91600DFFB5D /* Main_Ex8.m */ = {isa = PBXFileReference; fileEncoding = 4; lastKnownFileType = sourcecode.c.objc; path = Main_Ex8.m; sourceTree = "<group>"; };
		44A2469D1EAFF92700DFFB5D /* Main_Ex10.h */ = {isa = PBXFileReference; fileEncoding = 4; lastKnownFileType = sourcecode.c.h; path = Main_Ex10.h; sourceTree = "<group>"; };
		44A2469E1EAFF92700DFFB5D /* Main_Ex10.m */ = {isa = PBXFileReference; fileEncoding = 4; lastKnownFileType = sourcecode.c.objc; path = Main_Ex10.m; sourceTree = "<group>"; };
		44A246A01EAFF93D00DFFB5D /* Main_Ex11.h */ = {isa = PBXFileReference; fileEncoding = 4; lastKnownFileType = sourcecode.c.h; path = Main_Ex11.h; sourceTree = "<group>"; };
		44A246A11EAFF93D00DFFB5D /* Main_Ex11.m */ = {isa = PBXFileReference; fileEncoding = 4; lastKnownFileType = sourcecode.c.objc; path = Main_Ex11.m; sourceTree = "<group>"; };
		44A246A31EAFF94500DFFB5D /* Main_Ex12.h */ = {isa = PBXFileReference; fileEncoding = 4; lastKnownFileType = sourcecode.c.h; path = Main_Ex12.h; sourceTree = "<group>"; };
		44A246A41EAFF94500DFFB5D /* Main_Ex12.m */ = {isa = PBXFileReference; fileEncoding = 4; lastKnownFileType = sourcecode.c.objc; path = Main_Ex12.m; sourceTree = "<group>"; };
		44A246A61EAFFCDD00DFFB5D /* Main_Ex9.h */ = {isa = PBXFileReference; fileEncoding = 4; lastKnownFileType = sourcecode.c.h; path = Main_Ex9.h; sourceTree = "<group>"; };
		44A246A71EAFFCDD00DFFB5D /* Main_Ex9.m */ = {isa = PBXFileReference; fileEncoding = 4; lastKnownFileType = sourcecode.c.objc; path = Main_Ex9.m; sourceTree = "<group>"; };
		44A246A91EAFFEEF00DFFB5D /* Main_Ex13.h */ = {isa = PBXFileReference; fileEncoding = 4; lastKnownFileType = sourcecode.c.h; path = Main_Ex13.h; sourceTree = "<group>"; };
		44A246AA1EAFFEEF00DFFB5D /* Main_Ex13.m */ = {isa = PBXFileReference; fileEncoding = 4; lastKnownFileType = sourcecode.c.objc; path = Main_Ex13.m; sourceTree = "<group>"; };
		44A246AC1EAFFF5600DFFB5D /* Main_Ex14.h */ = {isa = PBXFileReference; fileEncoding = 4; lastKnownFileType = sourcecode.c.h; path = Main_Ex14.h; sourceTree = "<group>"; };
		44A246AD1EAFFF5600DFFB5D /* Main_Ex14.m */ = {isa = PBXFileReference; fileEncoding = 4; lastKnownFileType = sourcecode.c.objc; path = Main_Ex14.m; sourceTree = "<group>"; };
		44A246AF1EB000CA00DFFB5D /* Main_Ex15.h */ = {isa = PBXFileReference; fileEncoding = 4; lastKnownFileType = sourcecode.c.h; path = Main_Ex15.h; sourceTree = "<group>"; };
		44A246B01EB000CA00DFFB5D /* Main_Ex15.m */ = {isa = PBXFileReference; fileEncoding = 4; lastKnownFileType = sourcecode.c.objc; path = Main_Ex15.m; sourceTree = "<group>"; };
		44E950951EAC17E8002F7AAA /* QuestionManager.h */ = {isa = PBXFileReference; fileEncoding = 4; lastKnownFileType = sourcecode.c.h; path = QuestionManager.h; sourceTree = "<group>"; };
		44E950961EAC17E8002F7AAA /* QuestionManager.m */ = {isa = PBXFileReference; fileEncoding = 4; lastKnownFileType = sourcecode.c.objc; path = QuestionManager.m; sourceTree = "<group>"; };
		44E9509B1EAC3069002F7AAA /* Dice.h */ = {isa = PBXFileReference; fileEncoding = 4; lastKnownFileType = sourcecode.c.h; path = Dice.h; sourceTree = "<group>"; };
		44E9509C1EAC3069002F7AAA /* Dice.m */ = {isa = PBXFileReference; fileEncoding = 4; lastKnownFileType = sourcecode.c.objc; path = Dice.m; sourceTree = "<group>"; };
		44E9509E1EAC3089002F7AAA /* GameController.h */ = {isa = PBXFileReference; fileEncoding = 4; lastKnownFileType = sourcecode.c.h; path = GameController.h; sourceTree = "<group>"; };
		44E9509F1EAC3089002F7AAA /* GameController.m */ = {isa = PBXFileReference; fileEncoding = 4; lastKnownFileType = sourcecode.c.objc; path = GameController.m; sourceTree = "<group>"; };
		44F3DCAA1EA7FC7700903A08 /* Person.h */ = {isa = PBXFileReference; fileEncoding = 4; lastKnownFileType = sourcecode.c.h; path = Person.h; sourceTree = "<group>"; };
		44F3DCAB1EA7FC7700903A08 /* Person.m */ = {isa = PBXFileReference; fileEncoding = 4; lastKnownFileType = sourcecode.c.objc; path = Person.m; sourceTree = "<group>"; };
		44F3DCAE1EA8000F00903A08 /* _0419.m */ = {isa = PBXFileReference; fileEncoding = 4; lastKnownFileType = sourcecode.c.objc; path = _0419.m; sourceTree = "<group>"; };
		44F3DCB31EA80CA500903A08 /* Box.h */ = {isa = PBXFileReference; fileEncoding = 4; lastKnownFileType = sourcecode.c.h; path = Box.h; sourceTree = "<group>"; };
		44F3DCB41EA80CA500903A08 /* Box.m */ = {isa = PBXFileReference; fileEncoding = 4; lastKnownFileType = sourcecode.c.objc; path = Box.m; sourceTree = "<group>"; };
		44F3DCBC1EA96DD400903A08 /* AdditionQuestion.h */ = {isa = PBXFileReference; fileEncoding = 4; lastKnownFileType = sourcecode.c.h; path = AdditionQuestion.h; sourceTree = "<group>"; };
		44F3DCBD1EA96DD400903A08 /* AdditionQuestion.m */ = {isa = PBXFileReference; fileEncoding = 4; lastKnownFileType = sourcecode.c.objc; path = AdditionQuestion.m; sourceTree = "<group>"; };
		44F3DCBF1EA9764200903A08 /* InputHandler.h */ = {isa = PBXFileReference; fileEncoding = 4; lastKnownFileType = sourcecode.c.h; path = InputHandler.h; sourceTree = "<group>"; };
		44F3DCC01EA9764200903A08 /* InputHandler.m */ = {isa = PBXFileReference; fileEncoding = 4; lastKnownFileType = sourcecode.c.objc; path = InputHandler.m; sourceTree = "<group>"; };
		44F3DCC21EA9781200903A08 /* ScoreKeeper.h */ = {isa = PBXFileReference; fileEncoding = 4; lastKnownFileType = sourcecode.c.h; path = ScoreKeeper.h; sourceTree = "<group>"; };
		44F3DCC31EA9781200903A08 /* ScoreKeeper.m */ = {isa = PBXFileReference; fileEncoding = 4; lastKnownFileType = sourcecode.c.objc; path = ScoreKeeper.m; sourceTree = "<group>"; };
/* End PBXFileReference section */

/* Begin PBXFrameworksBuildPhase section */
		4494CB731EA6ACE300E40288 /* Frameworks */ = {
			isa = PBXFrameworksBuildPhase;
			buildActionMask = 2147483647;
			files = (
			);
			runOnlyForDeploymentPostprocessing = 0;
		};
/* End PBXFrameworksBuildPhase section */

/* Begin PBXGroup section */
		4416A6631EAAA471003608ED /* Exercise4 */ = {
			isa = PBXGroup;
			children = (
				4416A6651EAAB2A5003608ED /* Contact.h */,
				4416A6661EAAB2A5003608ED /* Contact.m */,
				4416A6681EAAB2AD003608ED /* ContactList.h */,
				4416A6691EAAB2AD003608ED /* ContactList.m */,
				4416A66B1EAAB2D5003608ED /* InputCollector.h */,
				4416A66C1EAAB2D5003608ED /* InputCollector.m */,
				44A2468E1EAFF44B00DFFB5D /* Main_Ex4.h */,
				44A2468F1EAFF44B00DFFB5D /* Main_Ex4.m */,
			);
			name = Exercise4;
			sourceTree = "<group>";
		};
		4416A6641EAAA9B8003608ED /* Exercise5 */ = {
			isa = PBXGroup;
			children = (
				441301A01EAAE05200E51764 /* AdditionQuestion2.h */,
				4413019D1EAAE05200E51764 /* AdditionQuestion2.m */,
				4413019E1EAAE05200E51764 /* InputHandler2.h */,
				4413019F1EAAE05200E51764 /* InputHandler2.m */,
				441301A11EAAE05200E51764 /* ScoreKeeper2.h */,
				441301A21EAAE05200E51764 /* ScoreKeeper2.m */,
				44E950951EAC17E8002F7AAA /* QuestionManager.h */,
				44E950961EAC17E8002F7AAA /* QuestionManager.m */,
				44A246911EAFF4F700DFFB5D /* Main_Ex5.h */,
				44A246921EAFF4F700DFFB5D /* Main_Ex5.m */,
			);
			name = Exercise5;
			sourceTree = "<group>";
		};
		442D4E291EAD47C2002B4D10 /* Exercise7 */ = {
			isa = PBXGroup;
			children = (
				442D4E2A1EAD519A002B4D10 /* Doctor.h */,
				442D4E2B1EAD519A002B4D10 /* Doctor.m */,
				442D4E2D1EAD51A2002B4D10 /* Patient.h */,
				442D4E2E1EAD51A2002B4D10 /* Patient.m */,
				442D4E301EAD51AB002B4D10 /* Prescription.h */,
				442D4E311EAD51AB002B4D10 /* Prescription.m */,
				442D4E331EAD51BC002B4D10 /* PrescriptionDatabase.h */,
				442D4E341EAD51BC002B4D10 /* PrescriptionDatabase.m */,
				44A246971EAFF63000DFFB5D /* Main_Ex7.h */,
				44A246981EAFF63000DFFB5D /* Main_Ex7.m */,
			);
			name = Exercise7;
			sourceTree = "<group>";
		};
		442D4E361EAD78E4002B4D10 /* Exercise8.11.12 */ = {
			isa = PBXGroup;
			children = (
				442D4E371EAD78FF002B4D10 /* Kitchen.h */,
				442D4E381EAD78FF002B4D10 /* Kitchen.m */,
				442D4E591EADE834002B4D10 /* AnchoviesHateKitchen.h */,
				442D4E5A1EADE834002B4D10 /* AnchoviesHateKitchen.m */,
				442D4E5C1EADE8D6002B4D10 /* VeryGenerousKitchen.h */,
				442D4E5D1EADE8D6002B4D10 /* VeryGenerousKitchen.m */,
				442D4E5F1EADF14D002B4D10 /* DeliveryService.h */,
				442D4E601EADF14D002B4D10 /* DeliveryService.m */,
				442D4E621EADF169002B4D10 /* DeliveryCar.h */,
				442D4E631EADF169002B4D10 /* DeliveryCar.m */,
				442D4E3E1EAD7D07002B4D10 /* Pizza.h */,
				442D4E3F1EAD7D07002B4D10 /* Pizza.m */,
				442D4E411EAD7FA7002B4D10 /* PizzaSize.h */,
				442D4E421EAD7FA7002B4D10 /* PizzaSize.m */,
				442D4E441EADB471002B4D10 /* NSArray+EnumExtensions.h */,
				442D4E451EADB4C3002B4D10 /* NSArray+EnumExtensions.m */,
				44A2469A1EAFF91600DFFB5D /* Main_Ex8.h */,
				44A2469B1EAFF91600DFFB5D /* Main_Ex8.m */,
				44A246A01EAFF93D00DFFB5D /* Main_Ex11.h */,
				44A246A11EAFF93D00DFFB5D /* Main_Ex11.m */,
				44A246A31EAFF94500DFFB5D /* Main_Ex12.h */,
				44A246A41EAFF94500DFFB5D /* Main_Ex12.m */,
			);
			name = Exercise8.11.12;
			sourceTree = "<group>";
		};
		442D4E461EADC390002B4D10 /* Exercise9 */ = {
			isa = PBXGroup;
			children = (
				442D4E491EADC3ED002B4D10 /* FoodTruck.h */,
				442D4E4A1EADC3ED002B4D10 /* FoodTruck.m */,
				442D4E4D1EADC444002B4D10 /* Cook.h */,
				442D4E4E1EADC444002B4D10 /* Cook.m */,
				44A246A61EAFFCDD00DFFB5D /* Main_Ex9.h */,
				44A246A71EAFFCDD00DFFB5D /* Main_Ex9.m */,
			);
			name = Exercise9;
			sourceTree = "<group>";
		};
		442D4E501EADC87F002B4D10 /* Exercise10 */ = {
			isa = PBXGroup;
			children = (
				44A2466E1EAF29BE00DFFB5D /* PaymentGateway.h */,
				44A2466F1EAF29BE00DFFB5D /* PaymentGateway.m */,
				44A246711EAF2B4D00DFFB5D /* PaypalPaymentService.h */,
				44A246721EAF2B4D00DFFB5D /* PaypalPaymentService.m */,
				44A246741EAF2B5E00DFFB5D /* StripePaymentService.h */,
				44A246751EAF2B5E00DFFB5D /* StripePaymentService.m */,
				44A246771EAF2B6800DFFB5D /* AmazonPaymentService.h */,
				44A246781EAF2B6800DFFB5D /* AmazonPaymentService.m */,
				44A2467D1EAF37BB00DFFB5D /* ApplePaymentService.h */,
				44A2467E1EAF37BB00DFFB5D /* ApplePaymentService.m */,
				44A2467A1EAF2FDC00DFFB5D /* Ex10Helper.h */,
				44A2467B1EAF2FDC00DFFB5D /* Ex10Helper.m */,
				44A2469D1EAFF92700DFFB5D /* Main_Ex10.h */,
				44A2469E1EAFF92700DFFB5D /* Main_Ex10.m */,
			);
			name = Exercise10;
			sourceTree = "<group>";
		};
		442D4E531EADCA7A002B4D10 /* Exercise13 */ = {
			isa = PBXGroup;
			children = (
				442D4E541EADCBBB002B4D10 /* NSString+NSString.h */,
				442D4E551EADCBBB002B4D10 /* NSString+NSString.m */,
				44A246A91EAFFEEF00DFFB5D /* Main_Ex13.h */,
				44A246AA1EAFFEEF00DFFB5D /* Main_Ex13.m */,
			);
			name = Exercise13;
			sourceTree = "<group>";
		};
		4494CB6D1EA6ACE200E40288 = {
			isa = PBXGroup;
			children = (
				4494CB781EA6ACE300E40288 /* MyFirstObjC */,
				4494CB771EA6ACE300E40288 /* Products */,
			);
			sourceTree = "<group>";
		};
		4494CB771EA6ACE300E40288 /* Products */ = {
			isa = PBXGroup;
			children = (
				4494CB761EA6ACE300E40288 /* MyFirstObjC */,
			);
			name = Products;
			sourceTree = "<group>";
		};
		4494CB781EA6ACE300E40288 /* MyFirstObjC */ = {
			isa = PBXGroup;
			children = (
				44F3DCAD1EA7FFEC00903A08 /* Dairy */,
				44F3DCB11EA80B7F00903A08 /* Exercise */,
				4494CB791EA6ACE300E40288 /* main.m */,
			);
			path = MyFirstObjC;
			sourceTree = "<group>";
		};
		44A2465E1EAE669100DFFB5D /* Exercise14.15 */ = {
			isa = PBXGroup;
			children = (
				44A2465F1EAE66AD00DFFB5D /* Player.h */,
				44A246601EAE66AD00DFFB5D /* Player.m */,
				44A246661EAE7AE100DFFB5D /* PlayerManager.h */,
				44A246671EAE7AE100DFFB5D /* PlayerManager.m */,
				44A246AC1EAFFF5600DFFB5D /* Main_Ex14.h */,
				44A246AD1EAFFF5600DFFB5D /* Main_Ex14.m */,
				44A246AF1EB000CA00DFFB5D /* Main_Ex15.h */,
				44A246B01EB000CA00DFFB5D /* Main_Ex15.m */,
			);
			name = Exercise14.15;
			sourceTree = "<group>";
		};
		44A246B21EB001D000DFFB5D /* Base */ = {
			isa = PBXGroup;
			children = (
				44A246821EAFDC7400DFFB5D /* BaseExercise.h */,
				44A246831EAFDC7400DFFB5D /* BaseExercise.m */,
			);
			name = Base;
			sourceTree = "<group>";
		};
		44E950981EAC25CE002F7AAA /* Exercise6 */ = {
			isa = PBXGroup;
			children = (
				44E9509B1EAC3069002F7AAA /* Dice.h */,
				44E9509C1EAC3069002F7AAA /* Dice.m */,
				44E9509E1EAC3089002F7AAA /* GameController.h */,
				44E9509F1EAC3089002F7AAA /* GameController.m */,
				44A246941EAFF56500DFFB5D /* Main_Ex6.h */,
				44A246951EAFF56500DFFB5D /* Main_Ex6.m */,
			);
			name = Exercise6;
			sourceTree = "<group>";
		};
		44F3DCA71EA7FB4600903A08 /* Exercise1 */ = {
			isa = PBXGroup;
			children = (
				44A246881EAFEDD800DFFB5D /* Main_Ex1.h */,
				44A246891EAFEDD800DFFB5D /* Main_Ex1.m */,
			);
			name = Exercise1;
			sourceTree = "<group>";
		};
		44F3DCAD1EA7FFEC00903A08 /* Dairy */ = {
			isa = PBXGroup;
			children = (
				4494CB801EA6B76D00E40288 /* _0418.m */,
				44F3DCB01EA8085900903A08 /* 0419 */,
			);
			name = Dairy;
			sourceTree = "<group>";
		};
		44F3DCB01EA8085900903A08 /* 0419 */ = {
			isa = PBXGroup;
			children = (
				44F3DCAA1EA7FC7700903A08 /* Person.h */,
				44F3DCAB1EA7FC7700903A08 /* Person.m */,
				44F3DCAE1EA8000F00903A08 /* _0419.m */,
			);
			name = 0419;
			sourceTree = "<group>";
		};
		44F3DCB11EA80B7F00903A08 /* Exercise */ = {
			isa = PBXGroup;
			children = (
				44A246B21EB001D000DFFB5D /* Base */,
				44F3DCA71EA7FB4600903A08 /* Exercise1 */,
				44F3DCB21EA80B9300903A08 /* Exercise2 */,
				44F3DCBB1EA955F700903A08 /* Exercise3 */,
				4416A6631EAAA471003608ED /* Exercise4 */,
				4416A6641EAAA9B8003608ED /* Exercise5 */,
				44E950981EAC25CE002F7AAA /* Exercise6 */,
				442D4E291EAD47C2002B4D10 /* Exercise7 */,
				442D4E361EAD78E4002B4D10 /* Exercise8.11.12 */,
				442D4E461EADC390002B4D10 /* Exercise9 */,
				442D4E501EADC87F002B4D10 /* Exercise10 */,
				442D4E531EADCA7A002B4D10 /* Exercise13 */,
				44A2465E1EAE669100DFFB5D /* Exercise14.15 */,
			);
			name = Exercise;
			sourceTree = "<group>";
		};
		44F3DCB21EA80B9300903A08 /* Exercise2 */ = {
			isa = PBXGroup;
			children = (
				44F3DCB31EA80CA500903A08 /* Box.h */,
				44F3DCB41EA80CA500903A08 /* Box.m */,
				44A246851EAFE71300DFFB5D /* Main_Ex2.h */,
				44A246861EAFE71300DFFB5D /* Main_Ex2.m */,
			);
			name = Exercise2;
			sourceTree = "<group>";
		};
		44F3DCBB1EA955F700903A08 /* Exercise3 */ = {
			isa = PBXGroup;
			children = (
				44F3DCBC1EA96DD400903A08 /* AdditionQuestion.h */,
				44F3DCBD1EA96DD400903A08 /* AdditionQuestion.m */,
				44F3DCBF1EA9764200903A08 /* InputHandler.h */,
				44F3DCC01EA9764200903A08 /* InputHandler.m */,
				44F3DCC21EA9781200903A08 /* ScoreKeeper.h */,
				44F3DCC31EA9781200903A08 /* ScoreKeeper.m */,
				44A2468B1EAFF10E00DFFB5D /* Main_Ex3.h */,
				44A2468C1EAFF10E00DFFB5D /* Main_Ex3.m */,
			);
			name = Exercise3;
			sourceTree = "<group>";
		};
/* End PBXGroup section */

/* Begin PBXNativeTarget section */
		4494CB751EA6ACE300E40288 /* MyFirstObjC */ = {
			isa = PBXNativeTarget;
			buildConfigurationList = 4494CB7D1EA6ACE300E40288 /* Build configuration list for PBXNativeTarget "MyFirstObjC" */;
			buildPhases = (
				4494CB721EA6ACE300E40288 /* Sources */,
				4494CB731EA6ACE300E40288 /* Frameworks */,
				4494CB741EA6ACE300E40288 /* CopyFiles */,
			);
			buildRules = (
			);
			dependencies = (
			);
			name = MyFirstObjC;
			productName = MyFirstObjC;
			productReference = 4494CB761EA6ACE300E40288 /* MyFirstObjC */;
			productType = "com.apple.product-type.tool";
		};
/* End PBXNativeTarget section */

/* Begin PBXProject section */
		4494CB6E1EA6ACE300E40288 /* Project object */ = {
			isa = PBXProject;
			attributes = {
				LastUpgradeCheck = 0830;
				ORGANIZATIONNAME = masa;
				TargetAttributes = {
					4494CB751EA6ACE300E40288 = {
						CreatedOnToolsVersion = 8.3.1;
						DevelopmentTeam = L798W4XTQ6;
						ProvisioningStyle = Automatic;
					};
				};
			};
			buildConfigurationList = 4494CB711EA6ACE300E40288 /* Build configuration list for PBXProject "MyFirstObjC" */;
			compatibilityVersion = "Xcode 3.2";
			developmentRegion = English;
			hasScannedForEncodings = 0;
			knownRegions = (
				en,
			);
			mainGroup = 4494CB6D1EA6ACE200E40288;
			productRefGroup = 4494CB771EA6ACE300E40288 /* Products */;
			projectDirPath = "";
			projectRoot = "";
			targets = (
				4494CB751EA6ACE300E40288 /* MyFirstObjC */,
			);
		};
/* End PBXProject section */

/* Begin PBXSourcesBuildPhase section */
		4494CB721EA6ACE300E40288 /* Sources */ = {
			isa = PBXSourcesBuildPhase;
			buildActionMask = 2147483647;
			files = (
				44F3DCC41EA9781200903A08 /* ScoreKeeper.m in Sources */,
				44A2469F1EAFF92700DFFB5D /* Main_Ex10.m in Sources */,
				4494CB811EA6B76D00E40288 /* _0418.m in Sources */,
				44F3DCBE1EA96DD400903A08 /* AdditionQuestion.m in Sources */,
				44F3DCAF1EA8000F00903A08 /* _0419.m in Sources */,
				4416A6671EAAB2A5003608ED /* Contact.m in Sources */,
				44A246681EAE7AE100DFFB5D /* PlayerManager.m in Sources */,
				441301A41EAAE05200E51764 /* InputHandler2.m in Sources */,
				44A2468A1EAFEDD800DFFB5D /* Main_Ex1.m in Sources */,
				442D4E391EAD78FF002B4D10 /* Kitchen.m in Sources */,
				44A2468D1EAFF10E00DFFB5D /* Main_Ex3.m in Sources */,
				4494CB7A1EA6ACE300E40288 /* main.m in Sources */,
				442D4E2F1EAD51A2002B4D10 /* Patient.m in Sources */,
				44A246AB1EAFFEEF00DFFB5D /* Main_Ex13.m in Sources */,
				442D4E351EAD51BC002B4D10 /* PrescriptionDatabase.m in Sources */,
				44F3DCC11EA9764200903A08 /* InputHandler.m in Sources */,
				44A246761EAF2B5E00DFFB5D /* StripePaymentService.m in Sources */,
				442D4E5B1EADE834002B4D10 /* AnchoviesHateKitchen.m in Sources */,
				44A246931EAFF4F700DFFB5D /* Main_Ex5.m in Sources */,
				44A246961EAFF56500DFFB5D /* Main_Ex6.m in Sources */,
				44F3DCB51EA80CA500903A08 /* Box.m in Sources */,
				44A246A51EAFF94500DFFB5D /* Main_Ex12.m in Sources */,
				4416A66A1EAAB2AD003608ED /* ContactList.m in Sources */,
				44A246A21EAFF93D00DFFB5D /* Main_Ex11.m in Sources */,
				442D4E611EADF14D002B4D10 /* DeliveryService.m in Sources */,
				44A2467C1EAF2FDC00DFFB5D /* Ex10Helper.m in Sources */,
				441301A31EAAE05200E51764 /* AdditionQuestion2.m in Sources */,
				441301A51EAAE05200E51764 /* ScoreKeeper2.m in Sources */,
				442D4E4F1EADC444002B4D10 /* Cook.m in Sources */,
				442D4E2C1EAD519A002B4D10 /* Doctor.m in Sources */,
				442D4E401EAD7D07002B4D10 /* Pizza.m in Sources */,
				44A246731EAF2B4D00DFFB5D /* PaypalPaymentService.m in Sources */,
				44A246701EAF29BE00DFFB5D /* PaymentGateway.m in Sources */,
				44A246871EAFE71300DFFB5D /* Main_Ex2.m in Sources */,
				44A246AE1EAFFF5600DFFB5D /* Main_Ex14.m in Sources */,
				44A2467F1EAF37BB00DFFB5D /* ApplePaymentService.m in Sources */,
				44F3DCAC1EA7FC7700903A08 /* Person.m in Sources */,
				44A246991EAFF63000DFFB5D /* Main_Ex7.m in Sources */,
				44A246841EAFDC7400DFFB5D /* BaseExercise.m in Sources */,
				44A246A81EAFFCDD00DFFB5D /* Main_Ex9.m in Sources */,
				44E950A01EAC3089002F7AAA /* GameController.m in Sources */,
				44A246791EAF2B6800DFFB5D /* AmazonPaymentService.m in Sources */,
				44A246901EAFF44B00DFFB5D /* Main_Ex4.m in Sources */,
				442D4E431EAD7FA7002B4D10 /* PizzaSize.m in Sources */,
				44E950971EAC17E8002F7AAA /* QuestionManager.m in Sources */,
				44A246B11EB000CA00DFFB5D /* Main_Ex15.m in Sources */,
				44E9509D1EAC3069002F7AAA /* Dice.m in Sources */,
				442D4E4B1EADC3ED002B4D10 /* FoodTruck.m in Sources */,
				4416A66D1EAAB2D5003608ED /* InputCollector.m in Sources */,
				442D4E5E1EADE8D6002B4D10 /* VeryGenerousKitchen.m in Sources */,
				442D4E561EADCBBB002B4D10 /* NSString+NSString.m in Sources */,
				442D4E641EADF169002B4D10 /* DeliveryCar.m in Sources */,
				44A2469C1EAFF91600DFFB5D /* Main_Ex8.m in Sources */,
				44A246611EAE66AD00DFFB5D /* Player.m in Sources */,
				442D4E321EAD51AB002B4D10 /* Prescription.m in Sources */,
			);
			runOnlyForDeploymentPostprocessing = 0;
		};
/* End PBXSourcesBuildPhase section */

/* Begin XCBuildConfiguration section */
		4494CB7B1EA6ACE300E40288 /* Debug */ = {
			isa = XCBuildConfiguration;
			buildSettings = {
				ALWAYS_SEARCH_USER_PATHS = NO;
				CLANG_ANALYZER_NONNULL = YES;
				CLANG_ANALYZER_NUMBER_OBJECT_CONVERSION = YES_AGGRESSIVE;
				CLANG_CXX_LANGUAGE_STANDARD = "gnu++0x";
				CLANG_CXX_LIBRARY = "libc++";
				CLANG_ENABLE_MODULES = YES;
				CLANG_ENABLE_OBJC_ARC = YES;
				CLANG_WARN_BOOL_CONVERSION = YES;
				CLANG_WARN_CONSTANT_CONVERSION = YES;
				CLANG_WARN_DIRECT_OBJC_ISA_USAGE = YES_ERROR;
				CLANG_WARN_DOCUMENTATION_COMMENTS = YES;
				CLANG_WARN_EMPTY_BODY = YES;
				CLANG_WARN_ENUM_CONVERSION = YES;
				CLANG_WARN_INFINITE_RECURSION = YES;
				CLANG_WARN_INT_CONVERSION = YES;
				CLANG_WARN_OBJC_ROOT_CLASS = YES_ERROR;
				CLANG_WARN_SUSPICIOUS_MOVE = YES;
				CLANG_WARN_UNREACHABLE_CODE = YES;
				CLANG_WARN__DUPLICATE_METHOD_MATCH = YES;
				CODE_SIGN_IDENTITY = "-";
				COPY_PHASE_STRIP = NO;
				DEBUG_INFORMATION_FORMAT = dwarf;
				ENABLE_STRICT_OBJC_MSGSEND = YES;
				ENABLE_TESTABILITY = YES;
				GCC_C_LANGUAGE_STANDARD = gnu99;
				GCC_DYNAMIC_NO_PIC = NO;
				GCC_NO_COMMON_BLOCKS = YES;
				GCC_OPTIMIZATION_LEVEL = 0;
				GCC_PREPROCESSOR_DEFINITIONS = (
					"DEBUG=1",
					"$(inherited)",
				);
				GCC_WARN_64_TO_32_BIT_CONVERSION = YES;
				GCC_WARN_ABOUT_RETURN_TYPE = YES_ERROR;
				GCC_WARN_UNDECLARED_SELECTOR = YES;
				GCC_WARN_UNINITIALIZED_AUTOS = YES_AGGRESSIVE;
				GCC_WARN_UNUSED_FUNCTION = YES;
				GCC_WARN_UNUSED_VARIABLE = YES;
				MACOSX_DEPLOYMENT_TARGET = 10.12;
				MTL_ENABLE_DEBUG_INFO = YES;
				ONLY_ACTIVE_ARCH = YES;
				SDKROOT = macosx;
			};
			name = Debug;
		};
		4494CB7C1EA6ACE300E40288 /* Release */ = {
			isa = XCBuildConfiguration;
			buildSettings = {
				ALWAYS_SEARCH_USER_PATHS = NO;
				CLANG_ANALYZER_NONNULL = YES;
				CLANG_ANALYZER_NUMBER_OBJECT_CONVERSION = YES_AGGRESSIVE;
				CLANG_CXX_LANGUAGE_STANDARD = "gnu++0x";
				CLANG_CXX_LIBRARY = "libc++";
				CLANG_ENABLE_MODULES = YES;
				CLANG_ENABLE_OBJC_ARC = YES;
				CLANG_WARN_BOOL_CONVERSION = YES;
				CLANG_WARN_CONSTANT_CONVERSION = YES;
				CLANG_WARN_DIRECT_OBJC_ISA_USAGE = YES_ERROR;
				CLANG_WARN_DOCUMENTATION_COMMENTS = YES;
				CLANG_WARN_EMPTY_BODY = YES;
				CLANG_WARN_ENUM_CONVERSION = YES;
				CLANG_WARN_INFINITE_RECURSION = YES;
				CLANG_WARN_INT_CONVERSION = YES;
				CLANG_WARN_OBJC_ROOT_CLASS = YES_ERROR;
				CLANG_WARN_SUSPICIOUS_MOVE = YES;
				CLANG_WARN_UNREACHABLE_CODE = YES;
				CLANG_WARN__DUPLICATE_METHOD_MATCH = YES;
				CODE_SIGN_IDENTITY = "-";
				COPY_PHASE_STRIP = NO;
				DEBUG_INFORMATION_FORMAT = "dwarf-with-dsym";
				ENABLE_NS_ASSERTIONS = NO;
				ENABLE_STRICT_OBJC_MSGSEND = YES;
				GCC_C_LANGUAGE_STANDARD = gnu99;
				GCC_NO_COMMON_BLOCKS = YES;
				GCC_WARN_64_TO_32_BIT_CONVERSION = YES;
				GCC_WARN_ABOUT_RETURN_TYPE = YES_ERROR;
				GCC_WARN_UNDECLARED_SELECTOR = YES;
				GCC_WARN_UNINITIALIZED_AUTOS = YES_AGGRESSIVE;
				GCC_WARN_UNUSED_FUNCTION = YES;
				GCC_WARN_UNUSED_VARIABLE = YES;
				MACOSX_DEPLOYMENT_TARGET = 10.12;
				MTL_ENABLE_DEBUG_INFO = NO;
				SDKROOT = macosx;
			};
			name = Release;
		};
		4494CB7E1EA6ACE300E40288 /* Debug */ = {
			isa = XCBuildConfiguration;
			buildSettings = {
				DEVELOPMENT_TEAM = L798W4XTQ6;
				PRODUCT_NAME = "$(TARGET_NAME)";
			};
			name = Debug;
		};
		4494CB7F1EA6ACE300E40288 /* Release */ = {
			isa = XCBuildConfiguration;
			buildSettings = {
				DEVELOPMENT_TEAM = L798W4XTQ6;
				PRODUCT_NAME = "$(TARGET_NAME)";
			};
			name = Release;
		};
/* End XCBuildConfiguration section */

/* Begin XCConfigurationList section */
		4494CB711EA6ACE300E40288 /* Build configuration list for PBXProject "MyFirstObjC" */ = {
			isa = XCConfigurationList;
			buildConfigurations = (
				4494CB7B1EA6ACE300E40288 /* Debug */,
				4494CB7C1EA6ACE300E40288 /* Release */,
			);
			defaultConfigurationIsVisible = 0;
			defaultConfigurationName = Release;
		};
		4494CB7D1EA6ACE300E40288 /* Build configuration list for PBXNativeTarget "MyFirstObjC" */ = {
			isa = XCConfigurationList;
			buildConfigurations = (
				4494CB7E1EA6ACE300E40288 /* Debug */,
				4494CB7F1EA6ACE300E40288 /* Release */,
			);
			defaultConfigurationIsVisible = 0;
			defaultConfigurationName = Release;
		};
/* End XCConfigurationList section */
	};
	rootObject = 4494CB6E1EA6ACE300E40288 /* Project object */;
}
