// !$*UTF8*$!
{
	archiveVersion = 1;
	classes = {
	};
	objectVersion = 46;
	objects = {

/* Begin PBXBuildFile section */
		441301A31EAAE05200E51764 /* AdditionQuestion2.m in Sources */ = {isa = PBXBuildFile; fileRef = 4413019D1EAAE05200E51764 /* AdditionQuestion2.m */; };
		441301A41EAAE05200E51764 /* InputHandler2.m in Sources */ = {isa = PBXBuildFile; fileRef = 4413019F1EAAE05200E51764 /* InputHandler2.m */; };
		441301A51EAAE05200E51764 /* ScoreKeeper2.m in Sources */ = {isa = PBXBuildFile; fileRef = 441301A21EAAE05200E51764 /* ScoreKeeper2.m */; };
		4416A6671EAAB2A5003608ED /* Contact.m in Sources */ = {isa = PBXBuildFile; fileRef = 4416A6661EAAB2A5003608ED /* Contact.m */; };
		4416A66A1EAAB2AD003608ED /* ContactList.m in Sources */ = {isa = PBXBuildFile; fileRef = 4416A6691EAAB2AD003608ED /* ContactList.m */; };
		4416A66D1EAAB2D5003608ED /* InputCollector.m in Sources */ = {isa = PBXBuildFile; fileRef = 4416A66C1EAAB2D5003608ED /* InputCollector.m */; };
		4494CB7A1EA6ACE300E40288 /* main.m in Sources */ = {isa = PBXBuildFile; fileRef = 4494CB791EA6ACE300E40288 /* main.m */; };
		4494CB811EA6B76D00E40288 /* _0418.m in Sources */ = {isa = PBXBuildFile; fileRef = 4494CB801EA6B76D00E40288 /* _0418.m */; };
		44E950941EAC072C002F7AAA /* Ex4Main.m in Sources */ = {isa = PBXBuildFile; fileRef = 44E950931EAC072C002F7AAA /* Ex4Main.m */; };
		44E950971EAC17E8002F7AAA /* QuestionManager.m in Sources */ = {isa = PBXBuildFile; fileRef = 44E950961EAC17E8002F7AAA /* QuestionManager.m */; };
		44F3DCA91EA7FB5B00903A08 /* Project1.m in Sources */ = {isa = PBXBuildFile; fileRef = 44F3DCA81EA7FB5B00903A08 /* Project1.m */; };
		44F3DCAC1EA7FC7700903A08 /* Person.m in Sources */ = {isa = PBXBuildFile; fileRef = 44F3DCAB1EA7FC7700903A08 /* Person.m */; };
		44F3DCAF1EA8000F00903A08 /* _0419.m in Sources */ = {isa = PBXBuildFile; fileRef = 44F3DCAE1EA8000F00903A08 /* _0419.m */; };
		44F3DCB51EA80CA500903A08 /* Box.m in Sources */ = {isa = PBXBuildFile; fileRef = 44F3DCB41EA80CA500903A08 /* Box.m */; };
		44F3DCB81EA8319900903A08 /* Ex2Main.m in Sources */ = {isa = PBXBuildFile; fileRef = 44F3DCB71EA8319900903A08 /* Ex2Main.m */; };
		44F3DCBE1EA96DD400903A08 /* AdditionQuestion.m in Sources */ = {isa = PBXBuildFile; fileRef = 44F3DCBD1EA96DD400903A08 /* AdditionQuestion.m */; };
		44F3DCC11EA9764200903A08 /* InputHandler.m in Sources */ = {isa = PBXBuildFile; fileRef = 44F3DCC01EA9764200903A08 /* InputHandler.m */; };
		44F3DCC41EA9781200903A08 /* ScoreKeeper.m in Sources */ = {isa = PBXBuildFile; fileRef = 44F3DCC31EA9781200903A08 /* ScoreKeeper.m */; };
		44F3DCC61EA98BD500903A08 /* Ex3Main.m in Sources */ = {isa = PBXBuildFile; fileRef = 44F3DCC51EA98BD500903A08 /* Ex3Main.m */; };
/* End PBXBuildFile section */

/* Begin PBXCopyFilesBuildPhase section */
		4494CB741EA6ACE300E40288 /* CopyFiles */ = {
			isa = PBXCopyFilesBuildPhase;
			buildActionMask = 2147483647;
			dstPath = /usr/share/man/man1/;
			dstSubfolderSpec = 0;
			files = (
			);
			runOnlyForDeploymentPostprocessing = 1;
		};
/* End PBXCopyFilesBuildPhase section */

/* Begin PBXFileReference section */
		4413019D1EAAE05200E51764 /* AdditionQuestion2.m */ = {isa = PBXFileReference; fileEncoding = 4; lastKnownFileType = sourcecode.c.objc; path = AdditionQuestion2.m; sourceTree = "<group>"; };
		4413019E1EAAE05200E51764 /* InputHandler2.h */ = {isa = PBXFileReference; fileEncoding = 4; lastKnownFileType = sourcecode.c.h; path = InputHandler2.h; sourceTree = "<group>"; };
		4413019F1EAAE05200E51764 /* InputHandler2.m */ = {isa = PBXFileReference; fileEncoding = 4; lastKnownFileType = sourcecode.c.objc; path = InputHandler2.m; sourceTree = "<group>"; };
		441301A01EAAE05200E51764 /* AdditionQuestion2.h */ = {isa = PBXFileReference; fileEncoding = 4; lastKnownFileType = sourcecode.c.h; path = AdditionQuestion2.h; sourceTree = "<group>"; };
		441301A11EAAE05200E51764 /* ScoreKeeper2.h */ = {isa = PBXFileReference; fileEncoding = 4; lastKnownFileType = sourcecode.c.h; path = ScoreKeeper2.h; sourceTree = "<group>"; };
		441301A21EAAE05200E51764 /* ScoreKeeper2.m */ = {isa = PBXFileReference; fileEncoding = 4; lastKnownFileType = sourcecode.c.objc; path = ScoreKeeper2.m; sourceTree = "<group>"; };
		4416A6651EAAB2A5003608ED /* Contact.h */ = {isa = PBXFileReference; fileEncoding = 4; lastKnownFileType = sourcecode.c.h; path = Contact.h; sourceTree = "<group>"; };
		4416A6661EAAB2A5003608ED /* Contact.m */ = {isa = PBXFileReference; fileEncoding = 4; lastKnownFileType = sourcecode.c.objc; path = Contact.m; sourceTree = "<group>"; };
		4416A6681EAAB2AD003608ED /* ContactList.h */ = {isa = PBXFileReference; fileEncoding = 4; lastKnownFileType = sourcecode.c.h; path = ContactList.h; sourceTree = "<group>"; };
		4416A6691EAAB2AD003608ED /* ContactList.m */ = {isa = PBXFileReference; fileEncoding = 4; lastKnownFileType = sourcecode.c.objc; path = ContactList.m; sourceTree = "<group>"; };
		4416A66B1EAAB2D5003608ED /* InputCollector.h */ = {isa = PBXFileReference; fileEncoding = 4; lastKnownFileType = sourcecode.c.h; path = InputCollector.h; sourceTree = "<group>"; };
		4416A66C1EAAB2D5003608ED /* InputCollector.m */ = {isa = PBXFileReference; fileEncoding = 4; lastKnownFileType = sourcecode.c.objc; path = InputCollector.m; sourceTree = "<group>"; };
		4494CB761EA6ACE300E40288 /* MyFirstObjC */ = {isa = PBXFileReference; explicitFileType = "compiled.mach-o.executable"; includeInIndex = 0; path = MyFirstObjC; sourceTree = BUILT_PRODUCTS_DIR; };
		4494CB791EA6ACE300E40288 /* main.m */ = {isa = PBXFileReference; lastKnownFileType = sourcecode.c.objc; path = main.m; sourceTree = "<group>"; };
		4494CB801EA6B76D00E40288 /* _0418.m */ = {isa = PBXFileReference; fileEncoding = 4; lastKnownFileType = sourcecode.c.objc; path = _0418.m; sourceTree = "<group>"; };
		44E950931EAC072C002F7AAA /* Ex4Main.m */ = {isa = PBXFileReference; fileEncoding = 4; lastKnownFileType = sourcecode.c.objc; path = Ex4Main.m; sourceTree = "<group>"; };
		44E950951EAC17E8002F7AAA /* QuestionManager.h */ = {isa = PBXFileReference; fileEncoding = 4; lastKnownFileType = sourcecode.c.h; path = QuestionManager.h; sourceTree = "<group>"; };
		44E950961EAC17E8002F7AAA /* QuestionManager.m */ = {isa = PBXFileReference; fileEncoding = 4; lastKnownFileType = sourcecode.c.objc; path = QuestionManager.m; sourceTree = "<group>"; };
		44F3DCA81EA7FB5B00903A08 /* Project1.m */ = {isa = PBXFileReference; fileEncoding = 4; lastKnownFileType = sourcecode.c.objc; path = Project1.m; sourceTree = "<group>"; };
		44F3DCAA1EA7FC7700903A08 /* Person.h */ = {isa = PBXFileReference; fileEncoding = 4; lastKnownFileType = sourcecode.c.h; path = Person.h; sourceTree = "<group>"; };
		44F3DCAB1EA7FC7700903A08 /* Person.m */ = {isa = PBXFileReference; fileEncoding = 4; lastKnownFileType = sourcecode.c.objc; path = Person.m; sourceTree = "<group>"; };
		44F3DCAE1EA8000F00903A08 /* _0419.m */ = {isa = PBXFileReference; fileEncoding = 4; lastKnownFileType = sourcecode.c.objc; path = _0419.m; sourceTree = "<group>"; };
		44F3DCB31EA80CA500903A08 /* Box.h */ = {isa = PBXFileReference; fileEncoding = 4; lastKnownFileType = sourcecode.c.h; path = Box.h; sourceTree = "<group>"; };
		44F3DCB41EA80CA500903A08 /* Box.m */ = {isa = PBXFileReference; fileEncoding = 4; lastKnownFileType = sourcecode.c.objc; path = Box.m; sourceTree = "<group>"; };
		44F3DCB71EA8319900903A08 /* Ex2Main.m */ = {isa = PBXFileReference; fileEncoding = 4; lastKnownFileType = sourcecode.c.objc; path = Ex2Main.m; sourceTree = "<group>"; };
		44F3DCBC1EA96DD400903A08 /* AdditionQuestion.h */ = {isa = PBXFileReference; fileEncoding = 4; lastKnownFileType = sourcecode.c.h; path = AdditionQuestion.h; sourceTree = "<group>"; };
		44F3DCBD1EA96DD400903A08 /* AdditionQuestion.m */ = {isa = PBXFileReference; fileEncoding = 4; lastKnownFileType = sourcecode.c.objc; path = AdditionQuestion.m; sourceTree = "<group>"; };
		44F3DCBF1EA9764200903A08 /* InputHandler.h */ = {isa = PBXFileReference; fileEncoding = 4; lastKnownFileType = sourcecode.c.h; path = InputHandler.h; sourceTree = "<group>"; };
		44F3DCC01EA9764200903A08 /* InputHandler.m */ = {isa = PBXFileReference; fileEncoding = 4; lastKnownFileType = sourcecode.c.objc; path = InputHandler.m; sourceTree = "<group>"; };
		44F3DCC21EA9781200903A08 /* ScoreKeeper.h */ = {isa = PBXFileReference; fileEncoding = 4; lastKnownFileType = sourcecode.c.h; path = ScoreKeeper.h; sourceTree = "<group>"; };
		44F3DCC31EA9781200903A08 /* ScoreKeeper.m */ = {isa = PBXFileReference; fileEncoding = 4; lastKnownFileType = sourcecode.c.objc; path = ScoreKeeper.m; sourceTree = "<group>"; };
		44F3DCC51EA98BD500903A08 /* Ex3Main.m */ = {isa = PBXFileReference; fileEncoding = 4; lastKnownFileType = sourcecode.c.objc; path = Ex3Main.m; sourceTree = "<group>"; };
/* End PBXFileReference section */

/* Begin PBXFrameworksBuildPhase section */
		4494CB731EA6ACE300E40288 /* Frameworks */ = {
			isa = PBXFrameworksBuildPhase;
			buildActionMask = 2147483647;
			files = (
			);
			runOnlyForDeploymentPostprocessing = 0;
		};
/* End PBXFrameworksBuildPhase section */

/* Begin PBXGroup section */
		4416A6631EAAA471003608ED /* Exercise4 */ = {
			isa = PBXGroup;
			children = (
				4416A6651EAAB2A5003608ED /* Contact.h */,
				4416A6661EAAB2A5003608ED /* Contact.m */,
				4416A6681EAAB2AD003608ED /* ContactList.h */,
				4416A6691EAAB2AD003608ED /* ContactList.m */,
				4416A66B1EAAB2D5003608ED /* InputCollector.h */,
				4416A66C1EAAB2D5003608ED /* InputCollector.m */,
				44E950931EAC072C002F7AAA /* Ex4Main.m */,
			);
			name = Exercise4;
			sourceTree = "<group>";
		};
		4416A6641EAAA9B8003608ED /* Exercise5 */ = {
			isa = PBXGroup;
			children = (
				441301A01EAAE05200E51764 /* AdditionQuestion2.h */,
				4413019D1EAAE05200E51764 /* AdditionQuestion2.m */,
				4413019E1EAAE05200E51764 /* InputHandler2.h */,
				4413019F1EAAE05200E51764 /* InputHandler2.m */,
				441301A11EAAE05200E51764 /* ScoreKeeper2.h */,
				441301A21EAAE05200E51764 /* ScoreKeeper2.m */,
				44E950951EAC17E8002F7AAA /* QuestionManager.h */,
				44E950961EAC17E8002F7AAA /* QuestionManager.m */,
			);
			name = Exercise5;
			sourceTree = "<group>";
		};
		4494CB6D1EA6ACE200E40288 = {
			isa = PBXGroup;
			children = (
				4494CB781EA6ACE300E40288 /* MyFirstObjC */,
				4494CB771EA6ACE300E40288 /* Products */,
			);
			sourceTree = "<group>";
		};
		4494CB771EA6ACE300E40288 /* Products */ = {
			isa = PBXGroup;
			children = (
				4494CB761EA6ACE300E40288 /* MyFirstObjC */,
			);
			name = Products;
			sourceTree = "<group>";
		};
		4494CB781EA6ACE300E40288 /* MyFirstObjC */ = {
			isa = PBXGroup;
			children = (
				44F3DCB11EA80B7F00903A08 /* Exercise */,
				44F3DCAD1EA7FFEC00903A08 /* Dairy */,
				4494CB791EA6ACE300E40288 /* main.m */,
			);
			path = MyFirstObjC;
			sourceTree = "<group>";
		};
		44F3DCA71EA7FB4600903A08 /* Exercise1 */ = {
			isa = PBXGroup;
			children = (
				44F3DCA81EA7FB5B00903A08 /* Project1.m */,
			);
			name = Exercise1;
			sourceTree = "<group>";
		};
		44F3DCAD1EA7FFEC00903A08 /* Dairy */ = {
			isa = PBXGroup;
			children = (
				4494CB801EA6B76D00E40288 /* _0418.m */,
				44F3DCB01EA8085900903A08 /* 0419 */,
			);
			name = Dairy;
			sourceTree = "<group>";
		};
		44F3DCB01EA8085900903A08 /* 0419 */ = {
			isa = PBXGroup;
			children = (
				44F3DCAA1EA7FC7700903A08 /* Person.h */,
				44F3DCAB1EA7FC7700903A08 /* Person.m */,
				44F3DCAE1EA8000F00903A08 /* _0419.m */,
			);
			name = 0419;
			sourceTree = "<group>";
		};
		44F3DCB11EA80B7F00903A08 /* Exercise */ = {
			isa = PBXGroup;
			children = (
				44F3DCA71EA7FB4600903A08 /* Exercise1 */,
				44F3DCB21EA80B9300903A08 /* Exercise2 */,
				44F3DCBB1EA955F700903A08 /* Exercise3 */,
				4416A6631EAAA471003608ED /* Exercise4 */,
				4416A6641EAAA9B8003608ED /* Exercise5 */,
			);
			name = Exercise;
			sourceTree = "<group>";
		};
		44F3DCB21EA80B9300903A08 /* Exercise2 */ = {
			isa = PBXGroup;
			children = (
				44F3DCB31EA80CA500903A08 /* Box.h */,
				44F3DCB41EA80CA500903A08 /* Box.m */,
				44F3DCB71EA8319900903A08 /* Ex2Main.m */,
			);
			name = Exercise2;
			sourceTree = "<group>";
		};
		44F3DCBB1EA955F700903A08 /* Exercise3 */ = {
			isa = PBXGroup;
			children = (
				44F3DCBC1EA96DD400903A08 /* AdditionQuestion.h */,
				44F3DCBD1EA96DD400903A08 /* AdditionQuestion.m */,
				44F3DCBF1EA9764200903A08 /* InputHandler.h */,
				44F3DCC01EA9764200903A08 /* InputHandler.m */,
				44F3DCC21EA9781200903A08 /* ScoreKeeper.h */,
				44F3DCC31EA9781200903A08 /* ScoreKeeper.m */,
				44F3DCC51EA98BD500903A08 /* Ex3Main.m */,
			);
			name = Exercise3;
			sourceTree = "<group>";
		};
/* End PBXGroup section */

/* Begin PBXNativeTarget section */
		4494CB751EA6ACE300E40288 /* MyFirstObjC */ = {
			isa = PBXNativeTarget;
			buildConfigurationList = 4494CB7D1EA6ACE300E40288 /* Build configuration list for PBXNativeTarget "MyFirstObjC" */;
			buildPhases = (
				4494CB721EA6ACE300E40288 /* Sources */,
				4494CB731EA6ACE300E40288 /* Frameworks */,
				4494CB741EA6ACE300E40288 /* CopyFiles */,
			);
			buildRules = (
			);
			dependencies = (
			);
			name = MyFirstObjC;
			productName = MyFirstObjC;
			productReference = 4494CB761EA6ACE300E40288 /* MyFirstObjC */;
			productType = "com.apple.product-type.tool";
		};
/* End PBXNativeTarget section */

/* Begin PBXProject section */
		4494CB6E1EA6ACE300E40288 /* Project object */ = {
			isa = PBXProject;
			attributes = {
				LastUpgradeCheck = 0830;
				ORGANIZATIONNAME = masa;
				TargetAttributes = {
					4494CB751EA6ACE300E40288 = {
						CreatedOnToolsVersion = 8.3.1;
						DevelopmentTeam = L798W4XTQ6;
						ProvisioningStyle = Automatic;
					};
				};
			};
			buildConfigurationList = 4494CB711EA6ACE300E40288 /* Build configuration list for PBXProject "MyFirstObjC" */;
			compatibilityVersion = "Xcode 3.2";
			developmentRegion = English;
			hasScannedForEncodings = 0;
			knownRegions = (
				en,
			);
			mainGroup = 4494CB6D1EA6ACE200E40288;
			productRefGroup = 4494CB771EA6ACE300E40288 /* Products */;
			projectDirPath = "";
			projectRoot = "";
			targets = (
				4494CB751EA6ACE300E40288 /* MyFirstObjC */,
			);
		};
/* End PBXProject section */

/* Begin PBXSourcesBuildPhase section */
		4494CB721EA6ACE300E40288 /* Sources */ = {
			isa = PBXSourcesBuildPhase;
			buildActionMask = 2147483647;
			files = (
				44F3DCC41EA9781200903A08 /* ScoreKeeper.m in Sources */,
				4494CB811EA6B76D00E40288 /* _0418.m in Sources */,
				44F3DCBE1EA96DD400903A08 /* AdditionQuestion.m in Sources */,
				44F3DCAF1EA8000F00903A08 /* _0419.m in Sources */,
				4416A6671EAAB2A5003608ED /* Contact.m in Sources */,
				441301A41EAAE05200E51764 /* InputHandler2.m in Sources */,
				4494CB7A1EA6ACE300E40288 /* main.m in Sources */,
				44F3DCC11EA9764200903A08 /* InputHandler.m in Sources */,
				44F3DCB51EA80CA500903A08 /* Box.m in Sources */,
				4416A66A1EAAB2AD003608ED /* ContactList.m in Sources */,
				441301A31EAAE05200E51764 /* AdditionQuestion2.m in Sources */,
				441301A51EAAE05200E51764 /* ScoreKeeper2.m in Sources */,
				44F3DCB81EA8319900903A08 /* Ex2Main.m in Sources */,
				44F3DCAC1EA7FC7700903A08 /* Person.m in Sources */,
				44E950941EAC072C002F7AAA /* Ex4Main.m in Sources */,
				44F3DCC61EA98BD500903A08 /* Ex3Main.m in Sources */,
				44E950971EAC17E8002F7AAA /* QuestionManager.m in Sources */,
				4416A66D1EAAB2D5003608ED /* InputCollector.m in Sources */,
				44F3DCA91EA7FB5B00903A08 /* Project1.m in Sources */,
			);
			runOnlyForDeploymentPostprocessing = 0;
		};
/* End PBXSourcesBuildPhase section */

/* Begin XCBuildConfiguration section */
		4494CB7B1EA6ACE300E40288 /* Debug */ = {
			isa = XCBuildConfiguration;
			buildSettings = {
				ALWAYS_SEARCH_USER_PATHS = NO;
				CLANG_ANALYZER_NONNULL = YES;
				CLANG_ANALYZER_NUMBER_OBJECT_CONVERSION = YES_AGGRESSIVE;
				CLANG_CXX_LANGUAGE_STANDARD = "gnu++0x";
				CLANG_CXX_LIBRARY = "libc++";
				CLANG_ENABLE_MODULES = YES;
				CLANG_ENABLE_OBJC_ARC = YES;
				CLANG_WARN_BOOL_CONVERSION = YES;
				CLANG_WARN_CONSTANT_CONVERSION = YES;
				CLANG_WARN_DIRECT_OBJC_ISA_USAGE = YES_ERROR;
				CLANG_WARN_DOCUMENTATION_COMMENTS = YES;
				CLANG_WARN_EMPTY_BODY = YES;
				CLANG_WARN_ENUM_CONVERSION = YES;
				CLANG_WARN_INFINITE_RECURSION = YES;
				CLANG_WARN_INT_CONVERSION = YES;
				CLANG_WARN_OBJC_ROOT_CLASS = YES_ERROR;
				CLANG_WARN_SUSPICIOUS_MOVE = YES;
				CLANG_WARN_UNREACHABLE_CODE = YES;
				CLANG_WARN__DUPLICATE_METHOD_MATCH = YES;
				CODE_SIGN_IDENTITY = "-";
				COPY_PHASE_STRIP = NO;
				DEBUG_INFORMATION_FORMAT = dwarf;
				ENABLE_STRICT_OBJC_MSGSEND = YES;
				ENABLE_TESTABILITY = YES;
				GCC_C_LANGUAGE_STANDARD = gnu99;
				GCC_DYNAMIC_NO_PIC = NO;
				GCC_NO_COMMON_BLOCKS = YES;
				GCC_OPTIMIZATION_LEVEL = 0;
				GCC_PREPROCESSOR_DEFINITIONS = (
					"DEBUG=1",
					"$(inherited)",
				);
				GCC_WARN_64_TO_32_BIT_CONVERSION = YES;
				GCC_WARN_ABOUT_RETURN_TYPE = YES_ERROR;
				GCC_WARN_UNDECLARED_SELECTOR = YES;
				GCC_WARN_UNINITIALIZED_AUTOS = YES_AGGRESSIVE;
				GCC_WARN_UNUSED_FUNCTION = YES;
				GCC_WARN_UNUSED_VARIABLE = YES;
				MACOSX_DEPLOYMENT_TARGET = 10.12;
				MTL_ENABLE_DEBUG_INFO = YES;
				ONLY_ACTIVE_ARCH = YES;
				SDKROOT = macosx;
			};
			name = Debug;
		};
		4494CB7C1EA6ACE300E40288 /* Release */ = {
			isa = XCBuildConfiguration;
			buildSettings = {
				ALWAYS_SEARCH_USER_PATHS = NO;
				CLANG_ANALYZER_NONNULL = YES;
				CLANG_ANALYZER_NUMBER_OBJECT_CONVERSION = YES_AGGRESSIVE;
				CLANG_CXX_LANGUAGE_STANDARD = "gnu++0x";
				CLANG_CXX_LIBRARY = "libc++";
				CLANG_ENABLE_MODULES = YES;
				CLANG_ENABLE_OBJC_ARC = YES;
				CLANG_WARN_BOOL_CONVERSION = YES;
				CLANG_WARN_CONSTANT_CONVERSION = YES;
				CLANG_WARN_DIRECT_OBJC_ISA_USAGE = YES_ERROR;
				CLANG_WARN_DOCUMENTATION_COMMENTS = YES;
				CLANG_WARN_EMPTY_BODY = YES;
				CLANG_WARN_ENUM_CONVERSION = YES;
				CLANG_WARN_INFINITE_RECURSION = YES;
				CLANG_WARN_INT_CONVERSION = YES;
				CLANG_WARN_OBJC_ROOT_CLASS = YES_ERROR;
				CLANG_WARN_SUSPICIOUS_MOVE = YES;
				CLANG_WARN_UNREACHABLE_CODE = YES;
				CLANG_WARN__DUPLICATE_METHOD_MATCH = YES;
				CODE_SIGN_IDENTITY = "-";
				COPY_PHASE_STRIP = NO;
				DEBUG_INFORMATION_FORMAT = "dwarf-with-dsym";
				ENABLE_NS_ASSERTIONS = NO;
				ENABLE_STRICT_OBJC_MSGSEND = YES;
				GCC_C_LANGUAGE_STANDARD = gnu99;
				GCC_NO_COMMON_BLOCKS = YES;
				GCC_WARN_64_TO_32_BIT_CONVERSION = YES;
				GCC_WARN_ABOUT_RETURN_TYPE = YES_ERROR;
				GCC_WARN_UNDECLARED_SELECTOR = YES;
				GCC_WARN_UNINITIALIZED_AUTOS = YES_AGGRESSIVE;
				GCC_WARN_UNUSED_FUNCTION = YES;
				GCC_WARN_UNUSED_VARIABLE = YES;
				MACOSX_DEPLOYMENT_TARGET = 10.12;
				MTL_ENABLE_DEBUG_INFO = NO;
				SDKROOT = macosx;
			};
			name = Release;
		};
		4494CB7E1EA6ACE300E40288 /* Debug */ = {
			isa = XCBuildConfiguration;
			buildSettings = {
				DEVELOPMENT_TEAM = L798W4XTQ6;
				PRODUCT_NAME = "$(TARGET_NAME)";
			};
			name = Debug;
		};
		4494CB7F1EA6ACE300E40288 /* Release */ = {
			isa = XCBuildConfiguration;
			buildSettings = {
				DEVELOPMENT_TEAM = L798W4XTQ6;
				PRODUCT_NAME = "$(TARGET_NAME)";
			};
			name = Release;
		};
/* End XCBuildConfiguration section */

/* Begin XCConfigurationList section */
		4494CB711EA6ACE300E40288 /* Build configuration list for PBXProject "MyFirstObjC" */ = {
			isa = XCConfigurationList;
			buildConfigurations = (
				4494CB7B1EA6ACE300E40288 /* Debug */,
				4494CB7C1EA6ACE300E40288 /* Release */,
			);
			defaultConfigurationIsVisible = 0;
			defaultConfigurationName = Release;
		};
		4494CB7D1EA6ACE300E40288 /* Build configuration list for PBXNativeTarget "MyFirstObjC" */ = {
			isa = XCConfigurationList;
			buildConfigurations = (
				4494CB7E1EA6ACE300E40288 /* Debug */,
				4494CB7F1EA6ACE300E40288 /* Release */,
			);
			defaultConfigurationIsVisible = 0;
			defaultConfigurationName = Release;
		};
/* End XCConfigurationList section */
	};
	rootObject = 4494CB6E1EA6ACE300E40288 /* Project object */;
}
